
Microsoft Visual Studio Solution File, Format Version 12.00
# Visual Studio Version 17
VisualStudioVersion = 17.7.34221.43
MinimumVisualStudioVersion = 10.0.40219.1
Project("{FAE04EC0-301F-11D3-BF4B-00C04F79EFBC}") = "ConAppAssignment", "ConAppAssignment\ConAppAssignment.csproj", "{94C9F026-7062-4B96-A5E0-6ADFB73142D8}"
EndProject
Global
	GlobalSection(SolutionConfigurationPlatforms) = preSolution
		Debug|Any CPU = Debug|Any CPU
		Release|Any CPU = Release|Any CPU
	EndGlobalSection
	GlobalSection(ProjectConfigurationPlatforms) = postSolution
		{94C9F026-7062-4B96-A5E0-6ADFB73142D8}.Debug|Any CPU.ActiveCfg = Debug|Any CPU
		{94C9F026-7062-4B96-A5E0-6ADFB73142D8}.Debug|Any CPU.Build.0 = Debug|Any CPU
		{94C9F026-7062-4B96-A5E0-6ADFB73142D8}.Release|Any CPU.ActiveCfg = Release|Any CPU
		{94C9F026-7062-4B96-A5E0-6ADFB73142D8}.Release|Any CPU.Build.0 = Release|Any CPU
	EndGlobalSection
	GlobalSection(SolutionProperties) = preSolution
		HideSolutionNode = FALSE
	EndGlobalSection
	GlobalSection(ExtensibilityGlobals) = postSolution
		SolutionGuid = {123D144E-F778-4916-864E-6A1778E6EBBF}
	EndGlobalSection
EndGlobal
